
Microsoft Visual Studio Solution File, Format Version 12.00
# Visual Studio Version 16
VisualStudioVersion = 16.0.31515.178
MinimumVisualStudioVersion = 10.0.40219.1
Project("{8BC9CEB8-8B4A-11D0-8D11-00A0C91BC942}") = "SwarmEngine", "SwarmEngine.vcxproj", "{254D9C04-59A3-444B-B536-7E9AA9F94A77}"
EndProject
Project("{8BC9CEB8-8B4A-11D0-8D11-00A0C91BC942}") = "SwarmApp", "Swarm Game\SwarmApp.vcxproj", "{C754E2D3-DDEA-48FB-97DB-29C2DB5C789A}"
EndProject
Global
	GlobalSection(SolutionConfigurationPlatforms) = preSolution
		Debug|x64 = Debug|x64
		Debug|x86 = Debug|x86
		Release|x64 = Release|x64
		Release|x86 = Release|x86
	EndGlobalSection
	GlobalSection(ProjectConfigurationPlatforms) = postSolution
		{254D9C04-59A3-444B-B536-7E9AA9F94A77}.Debug|x64.ActiveCfg = Debug|x64
		{254D9C04-59A3-444B-B536-7E9AA9F94A77}.Debug|x64.Build.0 = Debug|x64
		{254D9C04-59A3-444B-B536-7E9AA9F94A77}.Debug|x86.ActiveCfg = Debug|Win32
		{254D9C04-59A3-444B-B536-7E9AA9F94A77}.Debug|x86.Build.0 = Debug|Win32
		{254D9C04-59A3-444B-B536-7E9AA9F94A77}.Release|x64.ActiveCfg = Release|x64
		{254D9C04-59A3-444B-B536-7E9AA9F94A77}.Release|x64.Build.0 = Release|x64
		{254D9C04-59A3-444B-B536-7E9AA9F94A77}.Release|x86.ActiveCfg = Release|Win32
		{254D9C04-59A3-444B-B536-7E9AA9F94A77}.Release|x86.Build.0 = Release|Win32
		{C754E2D3-DDEA-48FB-97DB-29C2DB5C789A}.Debug|x64.ActiveCfg = Debug|x64
		{C754E2D3-DDEA-48FB-97DB-29C2DB5C789A}.Debug|x64.Build.0 = Debug|x64
		{C754E2D3-DDEA-48FB-97DB-29C2DB5C789A}.Debug|x86.ActiveCfg = Debug|Win32
		{C754E2D3-DDEA-48FB-97DB-29C2DB5C789A}.Debug|x86.Build.0 = Debug|Win32
		{C754E2D3-DDEA-48FB-97DB-29C2DB5C789A}.Release|x64.ActiveCfg = Release|x64
		{C754E2D3-DDEA-48FB-97DB-29C2DB5C789A}.Release|x64.Build.0 = Release|x64
		{C754E2D3-DDEA-48FB-97DB-29C2DB5C789A}.Release|x86.ActiveCfg = Release|Win32
		{C754E2D3-DDEA-48FB-97DB-29C2DB5C789A}.Release|x86.Build.0 = Release|Win32
	EndGlobalSection
	GlobalSection(SolutionProperties) = preSolution
		HideSolutionNode = FALSE
	EndGlobalSection
	GlobalSection(ExtensibilityGlobals) = postSolution
		SolutionGuid = {83BDBB37-4A2E-40C9-A44D-FD297EDA3DD6}
	EndGlobalSection
EndGlobal
